
Microsoft Visual Studio Solution File, Format Version 12.00
# Visual Studio Version 17
VisualStudioVersion = 17.8.34330.188
MinimumVisualStudioVersion = 10.0.40219.1
Project("{FAE04EC0-301F-11D3-BF4B-00C04F79EFBC}") = "Covali.Enums", "Covali.Enums\Covali.Enums.csproj", "{0CF9A2C3-1250-433B-B600-ACDF055F6D02}"
EndProject
Project("{FAE04EC0-301F-11D3-BF4B-00C04F79EFBC}") = "Covali.Api", "Covali.Api\Covali.Api.csproj", "{C1255002-0A4C-4F01-887F-A7BC0E85D135}"
EndProject
Global
	GlobalSection(SolutionConfigurationPlatforms) = preSolution
		Debug|Any CPU = Debug|Any CPU
		Release|Any CPU = Release|Any CPU
	EndGlobalSection
	GlobalSection(ProjectConfigurationPlatforms) = postSolution
		{0CF9A2C3-1250-433B-B600-ACDF055F6D02}.Debug|Any CPU.ActiveCfg = Debug|Any CPU
		{0CF9A2C3-1250-433B-B600-ACDF055F6D02}.Debug|Any CPU.Build.0 = Debug|Any CPU
		{0CF9A2C3-1250-433B-B600-ACDF055F6D02}.Release|Any CPU.ActiveCfg = Release|Any CPU
		{0CF9A2C3-1250-433B-B600-ACDF055F6D02}.Release|Any CPU.Build.0 = Release|Any CPU
		{C1255002-0A4C-4F01-887F-A7BC0E85D135}.Debug|Any CPU.ActiveCfg = Debug|Any CPU
		{C1255002-0A4C-4F01-887F-A7BC0E85D135}.Debug|Any CPU.Build.0 = Debug|Any CPU
		{C1255002-0A4C-4F01-887F-A7BC0E85D135}.Release|Any CPU.ActiveCfg = Release|Any CPU
		{C1255002-0A4C-4F01-887F-A7BC0E85D135}.Release|Any CPU.Build.0 = Release|Any CPU
	EndGlobalSection
	GlobalSection(SolutionProperties) = preSolution
		HideSolutionNode = FALSE
	EndGlobalSection
	GlobalSection(ExtensibilityGlobals) = postSolution
		SolutionGuid = {11B99CB5-3F6D-4E45-B956-4B388A0C25DD}
	EndGlobalSection
EndGlobal
